// !$*UTF8*$!
{
	archiveVersion = 1;
	classes = {
	};
	objectVersion = 50;
	objects = {

/* Begin PBXBuildFile section */
		B4B8AE7F246E9FBC00D24D58 /* Icon in Resources */ = {isa = PBXBuildFile; fileRef = B4B8AE65246E9FBC00D24D58 /* Icon */; };
		B4B8AE80246E9FBC00D24D58 /* lobby.png in Resources */ = {isa = PBXBuildFile; fileRef = B4B8AE67246E9FBC00D24D58 /* lobby.png */; };
		B4B8AE81246E9FBC00D24D58 /* battlebg.png in Resources */ = {isa = PBXBuildFile; fileRef = B4B8AE68246E9FBC00D24D58 /* battlebg.png */; };
		B4B8AE82246E9FBC00D24D58 /* bgimage.jpg in Resources */ = {isa = PBXBuildFile; fileRef = B4B8AE69246E9FBC00D24D58 /* bgimage.jpg */; };
		B4B8AE83246E9FBC00D24D58 /* Icon in Resources */ = {isa = PBXBuildFile; fileRef = B4B8AE6A246E9FBC00D24D58 /* Icon */; };
		B4B8AE84246E9FBC00D24D58 /* waku.png in Resources */ = {isa = PBXBuildFile; fileRef = B4B8AE6B246E9FBC00D24D58 /* waku.png */; };
		B4B8AE85246E9FBC00D24D58 /* gold_button.png in Resources */ = {isa = PBXBuildFile; fileRef = B4B8AE6C246E9FBC00D24D58 /* gold_button.png */; };
		B4B8AE86246E9FBC00D24D58 /* yusya.png in Resources */ = {isa = PBXBuildFile; fileRef = B4B8AE6D246E9FBC00D24D58 /* yusya.png */; };
		B4B8AE87246E9FBC00D24D58 /* monster.png in Resources */ = {isa = PBXBuildFile; fileRef = B4B8AE6E246E9FBC00D24D58 /* monster.png */; };
		B4B8AE88246E9FBC00D24D58 /* Icon in Resources */ = {isa = PBXBuildFile; fileRef = B4B8AE70246E9FBC00D24D58 /* Icon */; };
		B4B8AE89246E9FBC00D24D58 /* TechMonManager.swift in Sources */ = {isa = PBXBuildFile; fileRef = B4B8AE71246E9FBC00D24D58 /* TechMonManager.swift */; };
		B4B8AE8A246E9FBC00D24D58 /* Character.swift in Sources */ = {isa = PBXBuildFile; fileRef = B4B8AE72246E9FBC00D24D58 /* Character.swift */; };
		B4B8AE8B246E9FBC00D24D58 /* SE_fanfare.mp3 in Resources */ = {isa = PBXBuildFile; fileRef = B4B8AE74246E9FBC00D24D58 /* SE_fanfare.mp3 */; };
		B4B8AE8C246E9FBC00D24D58 /* BGM_battle001.mp3 in Resources */ = {isa = PBXBuildFile; fileRef = B4B8AE75246E9FBC00D24D58 /* BGM_battle001.mp3 */; };
		B4B8AE8D246E9FBC00D24D58 /* Icon in Resources */ = {isa = PBXBuildFile; fileRef = B4B8AE76246E9FBC00D24D58 /* Icon */; };
		B4B8AE8E246E9FBC00D24D58 /* SE_fire.mp3 in Resources */ = {isa = PBXBuildFile; fileRef = B4B8AE77246E9FBC00D24D58 /* SE_fire.mp3 */; };
		B4B8AE8F246E9FBC00D24D58 /* SE_attack.mp3 in Resources */ = {isa = PBXBuildFile; fileRef = B4B8AE78246E9FBC00D24D58 /* SE_attack.mp3 */; };
		B4B8AE90246E9FBC00D24D58 /* SE_gameover.mp3 in Resources */ = {isa = PBXBuildFile; fileRef = B4B8AE79246E9FBC00D24D58 /* SE_gameover.mp3 */; };
		B4B8AE91246E9FBC00D24D58 /* SE_charge.mp3 in Resources */ = {isa = PBXBuildFile; fileRef = B4B8AE7A246E9FBC00D24D58 /* SE_charge.mp3 */; };
		B4B8AE92246E9FBC00D24D58 /* lobby.mp3 in Resources */ = {isa = PBXBuildFile; fileRef = B4B8AE7B246E9FBC00D24D58 /* lobby.mp3 */; };
		B4B8AE93246E9FBC00D24D58 /* Icon in Resources */ = {isa = PBXBuildFile; fileRef = B4B8AE7D246E9FBC00D24D58 /* Icon */; };
		B4B8AE94246E9FBC00D24D58 /* misaki_gothic.ttf in Resources */ = {isa = PBXBuildFile; fileRef = B4B8AE7E246E9FBC00D24D58 /* misaki_gothic.ttf */; };
		B4B8AE96246EA11800D24D58 /* BattleViewController.swift in Sources */ = {isa = PBXBuildFile; fileRef = B4B8AE95246EA11800D24D58 /* BattleViewController.swift */; };
		B4CF7345246E9C0A00CD5136 /* AppDelegate.swift in Sources */ = {isa = PBXBuildFile; fileRef = B4CF7344246E9C0A00CD5136 /* AppDelegate.swift */; };
		B4CF7347246E9C0A00CD5136 /* SceneDelegate.swift in Sources */ = {isa = PBXBuildFile; fileRef = B4CF7346246E9C0A00CD5136 /* SceneDelegate.swift */; };
		B4CF7349246E9C0A00CD5136 /* ViewController.swift in Sources */ = {isa = PBXBuildFile; fileRef = B4CF7348246E9C0A00CD5136 /* ViewController.swift */; };
		B4CF734C246E9C0A00CD5136 /* Main.storyboard in Resources */ = {isa = PBXBuildFile; fileRef = B4CF734A246E9C0A00CD5136 /* Main.storyboard */; };
		B4CF734E246E9C0B00CD5136 /* Assets.xcassets in Resources */ = {isa = PBXBuildFile; fileRef = B4CF734D246E9C0B00CD5136 /* Assets.xcassets */; };
		B4CF7351246E9C0B00CD5136 /* LaunchScreen.storyboard in Resources */ = {isa = PBXBuildFile; fileRef = B4CF734F246E9C0B00CD5136 /* LaunchScreen.storyboard */; };
		B4CF735C246E9C0B00CD5136 /* techmonTests.swift in Sources */ = {isa = PBXBuildFile; fileRef = B4CF735B246E9C0B00CD5136 /* techmonTests.swift */; };
		B4CF7367246E9C0B00CD5136 /* techmonUITests.swift in Sources */ = {isa = PBXBuildFile; fileRef = B4CF7366246E9C0B00CD5136 /* techmonUITests.swift */; };
		B4CF7375246E9CC900CD5136 /* LobbyViewController.swift in Sources */ = {isa = PBXBuildFile; fileRef = B4CF7374246E9CC900CD5136 /* LobbyViewController.swift */; };
/* End PBXBuildFile section */

/* Begin PBXContainerItemProxy section */
		B4CF7358246E9C0B00CD5136 /* PBXContainerItemProxy */ = {
			isa = PBXContainerItemProxy;
			containerPortal = B4CF7339246E9C0A00CD5136 /* Project object */;
			proxyType = 1;
			remoteGlobalIDString = B4CF7340246E9C0A00CD5136;
			remoteInfo = techmon;
		};
		B4CF7363246E9C0B00CD5136 /* PBXContainerItemProxy */ = {
			isa = PBXContainerItemProxy;
			containerPortal = B4CF7339246E9C0A00CD5136 /* Project object */;
			proxyType = 1;
			remoteGlobalIDString = B4CF7340246E9C0A00CD5136;
			remoteInfo = techmon;
		};
/* End PBXContainerItemProxy section */

/* Begin PBXFileReference section */
		B4B8AE65246E9FBC00D24D58 /* Icon */ = {isa = PBXFileReference; fileEncoding = 4; lastKnownFileType = text; path = "Icon"; sourceTree = "<group>"; };
		B4B8AE67246E9FBC00D24D58 /* lobby.png */ = {isa = PBXFileReference; lastKnownFileType = image.png; path = lobby.png; sourceTree = "<group>"; };
		B4B8AE68246E9FBC00D24D58 /* battlebg.png */ = {isa = PBXFileReference; lastKnownFileType = image.png; path = battlebg.png; sourceTree = "<group>"; };
		B4B8AE69246E9FBC00D24D58 /* bgimage.jpg */ = {isa = PBXFileReference; lastKnownFileType = image.jpeg; path = bgimage.jpg; sourceTree = "<group>"; };
		B4B8AE6A246E9FBC00D24D58 /* Icon */ = {isa = PBXFileReference; fileEncoding = 4; lastKnownFileType = text; path = "Icon"; sourceTree = "<group>"; };
		B4B8AE6B246E9FBC00D24D58 /* waku.png */ = {isa = PBXFileReference; lastKnownFileType = image.png; path = waku.png; sourceTree = "<group>"; };
		B4B8AE6C246E9FBC00D24D58 /* gold_button.png */ = {isa = PBXFileReference; lastKnownFileType = image.png; path = gold_button.png; sourceTree = "<group>"; };
		B4B8AE6D246E9FBC00D24D58 /* yusya.png */ = {isa = PBXFileReference; lastKnownFileType = image.png; path = yusya.png; sourceTree = "<group>"; };
		B4B8AE6E246E9FBC00D24D58 /* monster.png */ = {isa = PBXFileReference; lastKnownFileType = image.png; path = monster.png; sourceTree = "<group>"; };
		B4B8AE70246E9FBC00D24D58 /* Icon */ = {isa = PBXFileReference; fileEncoding = 4; lastKnownFileType = text; path = "Icon"; sourceTree = "<group>"; };
		B4B8AE71246E9FBC00D24D58 /* TechMonManager.swift */ = {isa = PBXFileReference; fileEncoding = 4; lastKnownFileType = sourcecode.swift; path = TechMonManager.swift; sourceTree = "<group>"; };
		B4B8AE72246E9FBC00D24D58 /* Character.swift */ = {isa = PBXFileReference; fileEncoding = 4; lastKnownFileType = sourcecode.swift; path = Character.swift; sourceTree = "<group>"; };
		B4B8AE74246E9FBC00D24D58 /* SE_fanfare.mp3 */ = {isa = PBXFileReference; lastKnownFileType = audio.mp3; path = SE_fanfare.mp3; sourceTree = "<group>"; };
		B4B8AE75246E9FBC00D24D58 /* BGM_battle001.mp3 */ = {isa = PBXFileReference; lastKnownFileType = audio.mp3; path = BGM_battle001.mp3; sourceTree = "<group>"; };
		B4B8AE76246E9FBC00D24D58 /* Icon */ = {isa = PBXFileReference; fileEncoding = 4; lastKnownFileType = text; path = "Icon"; sourceTree = "<group>"; };
		B4B8AE77246E9FBC00D24D58 /* SE_fire.mp3 */ = {isa = PBXFileReference; lastKnownFileType = audio.mp3; path = SE_fire.mp3; sourceTree = "<group>"; };
		B4B8AE78246E9FBC00D24D58 /* SE_attack.mp3 */ = {isa = PBXFileReference; lastKnownFileType = audio.mp3; path = SE_attack.mp3; sourceTree = "<group>"; };
		B4B8AE79246E9FBC00D24D58 /* SE_gameover.mp3 */ = {isa = PBXFileReference; lastKnownFileType = audio.mp3; path = SE_gameover.mp3; sourceTree = "<group>"; };
		B4B8AE7A246E9FBC00D24D58 /* SE_charge.mp3 */ = {isa = PBXFileReference; lastKnownFileType = audio.mp3; path = SE_charge.mp3; sourceTree = "<group>"; };
		B4B8AE7B246E9FBC00D24D58 /* lobby.mp3 */ = {isa = PBXFileReference; lastKnownFileType = audio.mp3; path = lobby.mp3; sourceTree = "<group>"; };
		B4B8AE7D246E9FBC00D24D58 /* Icon */ = {isa = PBXFileReference; fileEncoding = 4; lastKnownFileType = text; path = "Icon"; sourceTree = "<group>"; };
		B4B8AE7E246E9FBC00D24D58 /* misaki_gothic.ttf */ = {isa = PBXFileReference; lastKnownFileType = file; path = misaki_gothic.ttf; sourceTree = "<group>"; };
		B4B8AE95246EA11800D24D58 /* BattleViewController.swift */ = {isa = PBXFileReference; lastKnownFileType = sourcecode.swift; path = BattleViewController.swift; sourceTree = "<group>"; };
		B4CF7341246E9C0A00CD5136 /* techmon.app */ = {isa = PBXFileReference; explicitFileType = wrapper.application; includeInIndex = 0; path = techmon.app; sourceTree = BUILT_PRODUCTS_DIR; };
		B4CF7344246E9C0A00CD5136 /* AppDelegate.swift */ = {isa = PBXFileReference; lastKnownFileType = sourcecode.swift; path = AppDelegate.swift; sourceTree = "<group>"; };
		B4CF7346246E9C0A00CD5136 /* SceneDelegate.swift */ = {isa = PBXFileReference; lastKnownFileType = sourcecode.swift; path = SceneDelegate.swift; sourceTree = "<group>"; };
		B4CF7348246E9C0A00CD5136 /* ViewController.swift */ = {isa = PBXFileReference; lastKnownFileType = sourcecode.swift; path = ViewController.swift; sourceTree = "<group>"; };
		B4CF734B246E9C0A00CD5136 /* Base */ = {isa = PBXFileReference; lastKnownFileType = file.storyboard; name = Base; path = Base.lproj/Main.storyboard; sourceTree = "<group>"; };
		B4CF734D246E9C0B00CD5136 /* Assets.xcassets */ = {isa = PBXFileReference; lastKnownFileType = folder.assetcatalog; path = Assets.xcassets; sourceTree = "<group>"; };
		B4CF7350246E9C0B00CD5136 /* Base */ = {isa = PBXFileReference; lastKnownFileType = file.storyboard; name = Base; path = Base.lproj/LaunchScreen.storyboard; sourceTree = "<group>"; };
		B4CF7352246E9C0B00CD5136 /* Info.plist */ = {isa = PBXFileReference; lastKnownFileType = text.plist.xml; path = Info.plist; sourceTree = "<group>"; };
		B4CF7357246E9C0B00CD5136 /* techmonTests.xctest */ = {isa = PBXFileReference; explicitFileType = wrapper.cfbundle; includeInIndex = 0; path = techmonTests.xctest; sourceTree = BUILT_PRODUCTS_DIR; };
		B4CF735B246E9C0B00CD5136 /* techmonTests.swift */ = {isa = PBXFileReference; lastKnownFileType = sourcecode.swift; path = techmonTests.swift; sourceTree = "<group>"; };
		B4CF735D246E9C0B00CD5136 /* Info.plist */ = {isa = PBXFileReference; lastKnownFileType = text.plist.xml; path = Info.plist; sourceTree = "<group>"; };
		B4CF7362246E9C0B00CD5136 /* techmonUITests.xctest */ = {isa = PBXFileReference; explicitFileType = wrapper.cfbundle; includeInIndex = 0; path = techmonUITests.xctest; sourceTree = BUILT_PRODUCTS_DIR; };
		B4CF7366246E9C0B00CD5136 /* techmonUITests.swift */ = {isa = PBXFileReference; lastKnownFileType = sourcecode.swift; path = techmonUITests.swift; sourceTree = "<group>"; };
		B4CF7368246E9C0B00CD5136 /* Info.plist */ = {isa = PBXFileReference; lastKnownFileType = text.plist.xml; path = Info.plist; sourceTree = "<group>"; };
		B4CF7374246E9CC900CD5136 /* LobbyViewController.swift */ = {isa = PBXFileReference; lastKnownFileType = sourcecode.swift; path = LobbyViewController.swift; sourceTree = "<group>"; };
/* End PBXFileReference section */

/* Begin PBXFrameworksBuildPhase section */
		B4CF733E246E9C0A00CD5136 /* Frameworks */ = {
			isa = PBXFrameworksBuildPhase;
			buildActionMask = 2147483647;
			files = (
			);
			runOnlyForDeploymentPostprocessing = 0;
		};
		B4CF7354246E9C0B00CD5136 /* Frameworks */ = {
			isa = PBXFrameworksBuildPhase;
			buildActionMask = 2147483647;
			files = (
			);
			runOnlyForDeploymentPostprocessing = 0;
		};
		B4CF735F246E9C0B00CD5136 /* Frameworks */ = {
			isa = PBXFrameworksBuildPhase;
			buildActionMask = 2147483647;
			files = (
			);
			runOnlyForDeploymentPostprocessing = 0;
		};
/* End PBXFrameworksBuildPhase section */

/* Begin PBXGroup section */
		B4B8AE64246E9FBC00D24D58 /* TechMon_Resource */ = {
			isa = PBXGroup;
			children = (
				B4B8AE65246E9FBC00D24D58 /* Icon */,
				B4B8AE66246E9FBC00D24D58 /* Images */,
				B4B8AE6F246E9FBC00D24D58 /* Models */,
				B4B8AE73246E9FBC00D24D58 /* Sounds */,
				B4B8AE7C246E9FBC00D24D58 /* Fonts */,
			);
			path = TechMon_Resource;
			sourceTree = "<group>";
		};
		B4B8AE66246E9FBC00D24D58 /* Images */ = {
			isa = PBXGroup;
			children = (
				B4B8AE67246E9FBC00D24D58 /* lobby.png */,
				B4B8AE68246E9FBC00D24D58 /* battlebg.png */,
				B4B8AE69246E9FBC00D24D58 /* bgimage.jpg */,
				B4B8AE6A246E9FBC00D24D58 /* Icon */,
				B4B8AE6B246E9FBC00D24D58 /* waku.png */,
				B4B8AE6C246E9FBC00D24D58 /* gold_button.png */,
				B4B8AE6D246E9FBC00D24D58 /* yusya.png */,
				B4B8AE6E246E9FBC00D24D58 /* monster.png */,
			);
			path = Images;
			sourceTree = "<group>";
		};
		B4B8AE6F246E9FBC00D24D58 /* Models */ = {
			isa = PBXGroup;
			children = (
				B4B8AE70246E9FBC00D24D58 /* Icon */,
				B4B8AE71246E9FBC00D24D58 /* TechMonManager.swift */,
				B4B8AE72246E9FBC00D24D58 /* Character.swift */,
			);
			path = Models;
			sourceTree = "<group>";
		};
		B4B8AE73246E9FBC00D24D58 /* Sounds */ = {
			isa = PBXGroup;
			children = (
				B4B8AE74246E9FBC00D24D58 /* SE_fanfare.mp3 */,
				B4B8AE75246E9FBC00D24D58 /* BGM_battle001.mp3 */,
				B4B8AE76246E9FBC00D24D58 /* Icon */,
				B4B8AE77246E9FBC00D24D58 /* SE_fire.mp3 */,
				B4B8AE78246E9FBC00D24D58 /* SE_attack.mp3 */,
				B4B8AE79246E9FBC00D24D58 /* SE_gameover.mp3 */,
				B4B8AE7A246E9FBC00D24D58 /* SE_charge.mp3 */,
				B4B8AE7B246E9FBC00D24D58 /* lobby.mp3 */,
			);
			path = Sounds;
			sourceTree = "<group>";
		};
		B4B8AE7C246E9FBC00D24D58 /* Fonts */ = {
			isa = PBXGroup;
			children = (
				B4B8AE7D246E9FBC00D24D58 /* Icon */,
				B4B8AE7E246E9FBC00D24D58 /* misaki_gothic.ttf */,
			);
			path = Fonts;
			sourceTree = "<group>";
		};
		B4CF7338246E9C0A00CD5136 = {
			isa = PBXGroup;
			children = (
				B4CF7343246E9C0A00CD5136 /* techmon */,
				B4CF735A246E9C0B00CD5136 /* techmonTests */,
				B4CF7365246E9C0B00CD5136 /* techmonUITests */,
				B4CF7342246E9C0A00CD5136 /* Products */,
			);
			sourceTree = "<group>";
		};
		B4CF7342246E9C0A00CD5136 /* Products */ = {
			isa = PBXGroup;
			children = (
				B4CF7341246E9C0A00CD5136 /* techmon.app */,
				B4CF7357246E9C0B00CD5136 /* techmonTests.xctest */,
				B4CF7362246E9C0B00CD5136 /* techmonUITests.xctest */,
			);
			name = Products;
			sourceTree = "<group>";
		};
		B4CF7343246E9C0A00CD5136 /* techmon */ = {
			isa = PBXGroup;
			children = (
				B4B8AE64246E9FBC00D24D58 /* TechMon_Resource */,
				B4CF7344246E9C0A00CD5136 /* AppDelegate.swift */,
				B4CF7346246E9C0A00CD5136 /* SceneDelegate.swift */,
				B4CF7348246E9C0A00CD5136 /* ViewController.swift */,
				B4CF734A246E9C0A00CD5136 /* Main.storyboard */,
				B4CF734D246E9C0B00CD5136 /* Assets.xcassets */,
				B4CF734F246E9C0B00CD5136 /* LaunchScreen.storyboard */,
				B4CF7352246E9C0B00CD5136 /* Info.plist */,
				B4CF7374246E9CC900CD5136 /* LobbyViewController.swift */,
				B4B8AE95246EA11800D24D58 /* BattleViewController.swift */,
			);
			path = techmon;
			sourceTree = "<group>";
		};
		B4CF735A246E9C0B00CD5136 /* techmonTests */ = {
			isa = PBXGroup;
			children = (
				B4CF735B246E9C0B00CD5136 /* techmonTests.swift */,
				B4CF735D246E9C0B00CD5136 /* Info.plist */,
			);
			path = techmonTests;
			sourceTree = "<group>";
		};
		B4CF7365246E9C0B00CD5136 /* techmonUITests */ = {
			isa = PBXGroup;
			children = (
				B4CF7366246E9C0B00CD5136 /* techmonUITests.swift */,
				B4CF7368246E9C0B00CD5136 /* Info.plist */,
			);
			path = techmonUITests;
			sourceTree = "<group>";
		};
/* End PBXGroup section */

/* Begin PBXNativeTarget section */
		B4CF7340246E9C0A00CD5136 /* techmon */ = {
			isa = PBXNativeTarget;
			buildConfigurationList = B4CF736B246E9C0B00CD5136 /* Build configuration list for PBXNativeTarget "techmon" */;
			buildPhases = (
				B4CF733D246E9C0A00CD5136 /* Sources */,
				B4CF733E246E9C0A00CD5136 /* Frameworks */,
				B4CF733F246E9C0A00CD5136 /* Resources */,
			);
			buildRules = (
			);
			dependencies = (
			);
			name = techmon;
			productName = techmon;
			productReference = B4CF7341246E9C0A00CD5136 /* techmon.app */;
			productType = "com.apple.product-type.application";
		};
		B4CF7356246E9C0B00CD5136 /* techmonTests */ = {
			isa = PBXNativeTarget;
			buildConfigurationList = B4CF736E246E9C0B00CD5136 /* Build configuration list for PBXNativeTarget "techmonTests" */;
			buildPhases = (
				B4CF7353246E9C0B00CD5136 /* Sources */,
				B4CF7354246E9C0B00CD5136 /* Frameworks */,
				B4CF7355246E9C0B00CD5136 /* Resources */,
			);
			buildRules = (
			);
			dependencies = (
				B4CF7359246E9C0B00CD5136 /* PBXTargetDependency */,
			);
			name = techmonTests;
			productName = techmonTests;
			productReference = B4CF7357246E9C0B00CD5136 /* techmonTests.xctest */;
			productType = "com.apple.product-type.bundle.unit-test";
		};
		B4CF7361246E9C0B00CD5136 /* techmonUITests */ = {
			isa = PBXNativeTarget;
			buildConfigurationList = B4CF7371246E9C0B00CD5136 /* Build configuration list for PBXNativeTarget "techmonUITests" */;
			buildPhases = (
				B4CF735E246E9C0B00CD5136 /* Sources */,
				B4CF735F246E9C0B00CD5136 /* Frameworks */,
				B4CF7360246E9C0B00CD5136 /* Resources */,
			);
			buildRules = (
			);
			dependencies = (
				B4CF7364246E9C0B00CD5136 /* PBXTargetDependency */,
			);
			name = techmonUITests;
			productName = techmonUITests;
			productReference = B4CF7362246E9C0B00CD5136 /* techmonUITests.xctest */;
			productType = "com.apple.product-type.bundle.ui-testing";
		};
/* End PBXNativeTarget section */

/* Begin PBXProject section */
		B4CF7339246E9C0A00CD5136 /* Project object */ = {
			isa = PBXProject;
			attributes = {
				LastSwiftUpdateCheck = 1150;
				LastUpgradeCheck = 1150;
				ORGANIZATIONNAME = "Izumi zu-mi-";
				TargetAttributes = {
					B4CF7340246E9C0A00CD5136 = {
						CreatedOnToolsVersion = 11.5;
					};
					B4CF7356246E9C0B00CD5136 = {
						CreatedOnToolsVersion = 11.5;
						TestTargetID = B4CF7340246E9C0A00CD5136;
					};
					B4CF7361246E9C0B00CD5136 = {
						CreatedOnToolsVersion = 11.5;
						TestTargetID = B4CF7340246E9C0A00CD5136;
					};
				};
			};
			buildConfigurationList = B4CF733C246E9C0A00CD5136 /* Build configuration list for PBXProject "techmon" */;
			compatibilityVersion = "Xcode 9.3";
			developmentRegion = en;
			hasScannedForEncodings = 0;
			knownRegions = (
				en,
				Base,
			);
			mainGroup = B4CF7338246E9C0A00CD5136;
			productRefGroup = B4CF7342246E9C0A00CD5136 /* Products */;
			projectDirPath = "";
			projectRoot = "";
			targets = (
				B4CF7340246E9C0A00CD5136 /* techmon */,
				B4CF7356246E9C0B00CD5136 /* techmonTests */,
				B4CF7361246E9C0B00CD5136 /* techmonUITests */,
			);
		};
/* End PBXProject section */

/* Begin PBXResourcesBuildPhase section */
		B4CF733F246E9C0A00CD5136 /* Resources */ = {
			isa = PBXResourcesBuildPhase;
			buildActionMask = 2147483647;
			files = (
				B4B8AE91246E9FBC00D24D58 /* SE_charge.mp3 in Resources */,
				B4B8AE92246E9FBC00D24D58 /* lobby.mp3 in Resources */,
				B4B8AE82246E9FBC00D24D58 /* bgimage.jpg in Resources */,
				B4CF7351246E9C0B00CD5136 /* LaunchScreen.storyboard in Resources */,
				B4B8AE87246E9FBC00D24D58 /* monster.png in Resources */,
				B4B8AE8C246E9FBC00D24D58 /* BGM_battle001.mp3 in Resources */,
				B4B8AE84246E9FBC00D24D58 /* waku.png in Resources */,
				B4B8AE88246E9FBC00D24D58 /* Icon in Resources */,
				B4B8AE94246E9FBC00D24D58 /* misaki_gothic.ttf in Resources */,
				B4B8AE8E246E9FBC00D24D58 /* SE_fire.mp3 in Resources */,
				B4B8AE85246E9FBC00D24D58 /* gold_button.png in Resources */,
				B4B8AE8B246E9FBC00D24D58 /* SE_fanfare.mp3 in Resources */,
				B4B8AE93246E9FBC00D24D58 /* Icon in Resources */,
				B4CF734E246E9C0B00CD5136 /* Assets.xcassets in Resources */,
				B4B8AE86246E9FBC00D24D58 /* yusya.png in Resources */,
				B4B8AE83246E9FBC00D24D58 /* Icon in Resources */,
				B4B8AE8D246E9FBC00D24D58 /* Icon in Resources */,
				B4CF734C246E9C0A00CD5136 /* Main.storyboard in Resources */,
				B4B8AE8F246E9FBC00D24D58 /* SE_attack.mp3 in Resources */,
				B4B8AE7F246E9FBC00D24D58 /* Icon in Resources */,
				B4B8AE81246E9FBC00D24D58 /* battlebg.png in Resources */,
				B4B8AE90246E9FBC00D24D58 /* SE_gameover.mp3 in Resources */,
				B4B8AE80246E9FBC00D24D58 /* lobby.png in Resources */,
			);
			runOnlyForDeploymentPostprocessing = 0;
		};
		B4CF7355246E9C0B00CD5136 /* Resources */ = {
			isa = PBXResourcesBuildPhase;
			buildActionMask = 2147483647;
			files = (
			);
			runOnlyForDeploymentPostprocessing = 0;
		};
		B4CF7360246E9C0B00CD5136 /* Resources */ = {
			isa = PBXResourcesBuildPhase;
			buildActionMask = 2147483647;
			files = (
			);
			runOnlyForDeploymentPostprocessing = 0;
		};
/* End PBXResourcesBuildPhase section */

/* Begin PBXSourcesBuildPhase section */
		B4CF733D246E9C0A00CD5136 /* Sources */ = {
			isa = PBXSourcesBuildPhase;
			buildActionMask = 2147483647;
			files = (
				B4B8AE96246EA11800D24D58 /* BattleViewController.swift in Sources */,
				B4CF7349246E9C0A00CD5136 /* ViewController.swift in Sources */,
				B4CF7345246E9C0A00CD5136 /* AppDelegate.swift in Sources */,
				B4B8AE89246E9FBC00D24D58 /* TechMonManager.swift in Sources */,
				B4B8AE8A246E9FBC00D24D58 /* Character.swift in Sources */,
				B4CF7347246E9C0A00CD5136 /* SceneDelegate.swift in Sources */,
				B4CF7375246E9CC900CD5136 /* LobbyViewController.swift in Sources */,
			);
			runOnlyForDeploymentPostprocessing = 0;
		};
		B4CF7353246E9C0B00CD5136 /* Sources */ = {
			isa = PBXSourcesBuildPhase;
			buildActionMask = 2147483647;
			files = (
				B4CF735C246E9C0B00CD5136 /* techmonTests.swift in Sources */,
			);
			runOnlyForDeploymentPostprocessing = 0;
		};
		B4CF735E246E9C0B00CD5136 /* Sources */ = {
			isa = PBXSourcesBuildPhase;
			buildActionMask = 2147483647;
			files = (
				B4CF7367246E9C0B00CD5136 /* techmonUITests.swift in Sources */,
			);
			runOnlyForDeploymentPostprocessing = 0;
		};
/* End PBXSourcesBuildPhase section */

/* Begin PBXTargetDependency section */
		B4CF7359246E9C0B00CD5136 /* PBXTargetDependency */ = {
			isa = PBXTargetDependency;
			target = B4CF7340246E9C0A00CD5136 /* techmon */;
			targetProxy = B4CF7358246E9C0B00CD5136 /* PBXContainerItemProxy */;
		};
		B4CF7364246E9C0B00CD5136 /* PBXTargetDependency */ = {
			isa = PBXTargetDependency;
			target = B4CF7340246E9C0A00CD5136 /* techmon */;
			targetProxy = B4CF7363246E9C0B00CD5136 /* PBXContainerItemProxy */;
		};
/* End PBXTargetDependency section */

/* Begin PBXVariantGroup section */
		B4CF734A246E9C0A00CD5136 /* Main.storyboard */ = {
			isa = PBXVariantGroup;
			children = (
				B4CF734B246E9C0A00CD5136 /* Base */,
			);
			name = Main.storyboard;
			sourceTree = "<group>";
		};
		B4CF734F246E9C0B00CD5136 /* LaunchScreen.storyboard */ = {
			isa = PBXVariantGroup;
			children = (
				B4CF7350246E9C0B00CD5136 /* Base */,
			);
			name = LaunchScreen.storyboard;
			sourceTree = "<group>";
		};
/* End PBXVariantGroup section */

/* Begin XCBuildConfiguration section */
		B4CF7369246E9C0B00CD5136 /* Debug */ = {
			isa = XCBuildConfiguration;
			buildSettings = {
				ALWAYS_SEARCH_USER_PATHS = NO;
				CLANG_ANALYZER_NONNULL = YES;
				CLANG_ANALYZER_NUMBER_OBJECT_CONVERSION = YES_AGGRESSIVE;
				CLANG_CXX_LANGUAGE_STANDARD = "gnu++14";
				CLANG_CXX_LIBRARY = "libc++";
				CLANG_ENABLE_MODULES = YES;
				CLANG_ENABLE_OBJC_ARC = YES;
				CLANG_ENABLE_OBJC_WEAK = YES;
				CLANG_WARN_BLOCK_CAPTURE_AUTORELEASING = YES;
				CLANG_WARN_BOOL_CONVERSION = YES;
				CLANG_WARN_COMMA = YES;
				CLANG_WARN_CONSTANT_CONVERSION = YES;
				CLANG_WARN_DEPRECATED_OBJC_IMPLEMENTATIONS = YES;
				CLANG_WARN_DIRECT_OBJC_ISA_USAGE = YES_ERROR;
				CLANG_WARN_DOCUMENTATION_COMMENTS = YES;
				CLANG_WARN_EMPTY_BODY = YES;
				CLANG_WARN_ENUM_CONVERSION = YES;
				CLANG_WARN_INFINITE_RECURSION = YES;
				CLANG_WARN_INT_CONVERSION = YES;
				CLANG_WARN_NON_LITERAL_NULL_CONVERSION = YES;
				CLANG_WARN_OBJC_IMPLICIT_RETAIN_SELF = YES;
				CLANG_WARN_OBJC_LITERAL_CONVERSION = YES;
				CLANG_WARN_OBJC_ROOT_CLASS = YES_ERROR;
				CLANG_WARN_RANGE_LOOP_ANALYSIS = YES;
				CLANG_WARN_STRICT_PROTOTYPES = YES;
				CLANG_WARN_SUSPICIOUS_MOVE = YES;
				CLANG_WARN_UNGUARDED_AVAILABILITY = YES_AGGRESSIVE;
				CLANG_WARN_UNREACHABLE_CODE = YES;
				CLANG_WARN__DUPLICATE_METHOD_MATCH = YES;
				COPY_PHASE_STRIP = NO;
				DEBUG_INFORMATION_FORMAT = dwarf;
				ENABLE_STRICT_OBJC_MSGSEND = YES;
				ENABLE_TESTABILITY = YES;
				GCC_C_LANGUAGE_STANDARD = gnu11;
				GCC_DYNAMIC_NO_PIC = NO;
				GCC_NO_COMMON_BLOCKS = YES;
				GCC_OPTIMIZATION_LEVEL = 0;
				GCC_PREPROCESSOR_DEFINITIONS = (
					"DEBUG=1",
					"$(inherited)",
				);
				GCC_WARN_64_TO_32_BIT_CONVERSION = YES;
				GCC_WARN_ABOUT_RETURN_TYPE = YES_ERROR;
				GCC_WARN_UNDECLARED_SELECTOR = YES;
				GCC_WARN_UNINITIALIZED_AUTOS = YES_AGGRESSIVE;
				GCC_WARN_UNUSED_FUNCTION = YES;
				GCC_WARN_UNUSED_VARIABLE = YES;
				IPHONEOS_DEPLOYMENT_TARGET = 13.5;
				MTL_ENABLE_DEBUG_INFO = INCLUDE_SOURCE;
				MTL_FAST_MATH = YES;
				ONLY_ACTIVE_ARCH = YES;
				SDKROOT = iphoneos;
				SWIFT_ACTIVE_COMPILATION_CONDITIONS = DEBUG;
				SWIFT_OPTIMIZATION_LEVEL = "-Onone";
			};
			name = Debug;
		};
		B4CF736A246E9C0B00CD5136 /* Release */ = {
			isa = XCBuildConfiguration;
			buildSettings = {
				ALWAYS_SEARCH_USER_PATHS = NO;
				CLANG_ANALYZER_NONNULL = YES;
				CLANG_ANALYZER_NUMBER_OBJECT_CONVERSION = YES_AGGRESSIVE;
				CLANG_CXX_LANGUAGE_STANDARD = "gnu++14";
				CLANG_CXX_LIBRARY = "libc++";
				CLANG_ENABLE_MODULES = YES;
				CLANG_ENABLE_OBJC_ARC = YES;
				CLANG_ENABLE_OBJC_WEAK = YES;
				CLANG_WARN_BLOCK_CAPTURE_AUTORELEASING = YES;
				CLANG_WARN_BOOL_CONVERSION = YES;
				CLANG_WARN_COMMA = YES;
				CLANG_WARN_CONSTANT_CONVERSION = YES;
				CLANG_WARN_DEPRECATED_OBJC_IMPLEMENTATIONS = YES;
				CLANG_WARN_DIRECT_OBJC_ISA_USAGE = YES_ERROR;
				CLANG_WARN_DOCUMENTATION_COMMENTS = YES;
				CLANG_WARN_EMPTY_BODY = YES;
				CLANG_WARN_ENUM_CONVERSION = YES;
				CLANG_WARN_INFINITE_RECURSION = YES;
				CLANG_WARN_INT_CONVERSION = YES;
				CLANG_WARN_NON_LITERAL_NULL_CONVERSION = YES;
				CLANG_WARN_OBJC_IMPLICIT_RETAIN_SELF = YES;
				CLANG_WARN_OBJC_LITERAL_CONVERSION = YES;
				CLANG_WARN_OBJC_ROOT_CLASS = YES_ERROR;
				CLANG_WARN_RANGE_LOOP_ANALYSIS = YES;
				CLANG_WARN_STRICT_PROTOTYPES = YES;
				CLANG_WARN_SUSPICIOUS_MOVE = YES;
				CLANG_WARN_UNGUARDED_AVAILABILITY = YES_AGGRESSIVE;
				CLANG_WARN_UNREACHABLE_CODE = YES;
				CLANG_WARN__DUPLICATE_METHOD_MATCH = YES;
				COPY_PHASE_STRIP = NO;
				DEBUG_INFORMATION_FORMAT = "dwarf-with-dsym";
				ENABLE_NS_ASSERTIONS = NO;
				ENABLE_STRICT_OBJC_MSGSEND = YES;
				GCC_C_LANGUAGE_STANDARD = gnu11;
				GCC_NO_COMMON_BLOCKS = YES;
				GCC_WARN_64_TO_32_BIT_CONVERSION = YES;
				GCC_WARN_ABOUT_RETURN_TYPE = YES_ERROR;
				GCC_WARN_UNDECLARED_SELECTOR = YES;
				GCC_WARN_UNINITIALIZED_AUTOS = YES_AGGRESSIVE;
				GCC_WARN_UNUSED_FUNCTION = YES;
				GCC_WARN_UNUSED_VARIABLE = YES;
				IPHONEOS_DEPLOYMENT_TARGET = 13.5;
				MTL_ENABLE_DEBUG_INFO = NO;
				MTL_FAST_MATH = YES;
				SDKROOT = iphoneos;
				SWIFT_COMPILATION_MODE = wholemodule;
				SWIFT_OPTIMIZATION_LEVEL = "-O";
				VALIDATE_PRODUCT = YES;
			};
			name = Release;
		};
		B4CF736C246E9C0B00CD5136 /* Debug */ = {
			isa = XCBuildConfiguration;
			buildSettings = {
				ASSETCATALOG_COMPILER_APPICON_NAME = AppIcon;
				CODE_SIGN_STYLE = Automatic;
				INFOPLIST_FILE = techmon/Info.plist;
				LD_RUNPATH_SEARCH_PATHS = (
					"$(inherited)",
					"@executable_path/Frameworks",
				);
				PRODUCT_BUNDLE_IDENTIFIER = "app.zu-mi-.izumi.techmon";
				PRODUCT_NAME = "$(TARGET_NAME)";
				SWIFT_VERSION = 5.0;
				TARGETED_DEVICE_FAMILY = "1,2";
			};
			name = Debug;
		};
		B4CF736D246E9C0B00CD5136 /* Release */ = {
			isa = XCBuildConfiguration;
			buildSettings = {
				ASSETCATALOG_COMPILER_APPICON_NAME = AppIcon;
				CODE_SIGN_STYLE = Automatic;
				INFOPLIST_FILE = techmon/Info.plist;
				LD_RUNPATH_SEARCH_PATHS = (
					"$(inherited)",
					"@executable_path/Frameworks",
				);
				PRODUCT_BUNDLE_IDENTIFIER = "app.zu-mi-.izumi.techmon";
				PRODUCT_NAME = "$(TARGET_NAME)";
				SWIFT_VERSION = 5.0;
				TARGETED_DEVICE_FAMILY = "1,2";
			};
			name = Release;
		};
		B4CF736F246E9C0B00CD5136 /* Debug */ = {
			isa = XCBuildConfiguration;
			buildSettings = {
				ALWAYS_EMBED_SWIFT_STANDARD_LIBRARIES = YES;
				BUNDLE_LOADER = "$(TEST_HOST)";
				CODE_SIGN_STYLE = Automatic;
				INFOPLIST_FILE = techmonTests/Info.plist;
				IPHONEOS_DEPLOYMENT_TARGET = 13.5;
				LD_RUNPATH_SEARCH_PATHS = (
					"$(inherited)",
					"@executable_path/Frameworks",
					"@loader_path/Frameworks",
				);
				PRODUCT_BUNDLE_IDENTIFIER = "app.zu-mi-.izumi.techmonTests";
				PRODUCT_NAME = "$(TARGET_NAME)";
				SWIFT_VERSION = 5.0;
				TARGETED_DEVICE_FAMILY = "1,2";
				TEST_HOST = "$(BUILT_PRODUCTS_DIR)/techmon.app/techmon";
			};
			name = Debug;
		};
		B4CF7370246E9C0B00CD5136 /* Release */ = {
			isa = XCBuildConfiguration;
			buildSettings = {
				ALWAYS_EMBED_SWIFT_STANDARD_LIBRARIES = YES;
				BUNDLE_LOADER = "$(TEST_HOST)";
				CODE_SIGN_STYLE = Automatic;
				INFOPLIST_FILE = techmonTests/Info.plist;
				IPHONEOS_DEPLOYMENT_TARGET = 13.5;
				LD_RUNPATH_SEARCH_PATHS = (
					"$(inherited)",
					"@executable_path/Frameworks",
					"@loader_path/Frameworks",
				);
				PRODUCT_BUNDLE_IDENTIFIER = "app.zu-mi-.izumi.techmonTests";
				PRODUCT_NAME = "$(TARGET_NAME)";
				SWIFT_VERSION = 5.0;
				TARGETED_DEVICE_FAMILY = "1,2";
				TEST_HOST = "$(BUILT_PRODUCTS_DIR)/techmon.app/techmon";
			};
			name = Release;
		};
		B4CF7372246E9C0B00CD5136 /* Debug */ = {
			isa = XCBuildConfiguration;
			buildSettings = {
				ALWAYS_EMBED_SWIFT_STANDARD_LIBRARIES = YES;
				CODE_SIGN_STYLE = Automatic;
				INFOPLIST_FILE = techmonUITests/Info.plist;
				LD_RUNPATH_SEARCH_PATHS = (
					"$(inherited)",
					"@executable_path/Frameworks",
					"@loader_path/Frameworks",
				);
				PRODUCT_BUNDLE_IDENTIFIER = "app.zu-mi-.izumi.techmonUITests";
				PRODUCT_NAME = "$(TARGET_NAME)";
				SWIFT_VERSION = 5.0;
				TARGETED_DEVICE_FAMILY = "1,2";
				TEST_TARGET_NAME = techmon;
			};
			name = Debug;
		};
		B4CF7373246E9C0B00CD5136 /* Release */ = {
			isa = XCBuildConfiguration;
			buildSettings = {
				ALWAYS_EMBED_SWIFT_STANDARD_LIBRARIES = YES;
				CODE_SIGN_STYLE = Automatic;
				INFOPLIST_FILE = techmonUITests/Info.plist;
				LD_RUNPATH_SEARCH_PATHS = (
					"$(inherited)",
					"@executable_path/Frameworks",
					"@loader_path/Frameworks",
				);
				PRODUCT_BUNDLE_IDENTIFIER = "app.zu-mi-.izumi.techmonUITests";
				PRODUCT_NAME = "$(TARGET_NAME)";
				SWIFT_VERSION = 5.0;
				TARGETED_DEVICE_FAMILY = "1,2";
				TEST_TARGET_NAME = techmon;
			};
			name = Release;
		};
/* End XCBuildConfiguration section */

/* Begin XCConfigurationList section */
		B4CF733C246E9C0A00CD5136 /* Build configuration list for PBXProject "techmon" */ = {
			isa = XCConfigurationList;
			buildConfigurations = (
				B4CF7369246E9C0B00CD5136 /* Debug */,
				B4CF736A246E9C0B00CD5136 /* Release */,
			);
			defaultConfigurationIsVisible = 0;
			defaultConfigurationName = Release;
		};
		B4CF736B246E9C0B00CD5136 /* Build configuration list for PBXNativeTarget "techmon" */ = {
			isa = XCConfigurationList;
			buildConfigurations = (
				B4CF736C246E9C0B00CD5136 /* Debug */,
				B4CF736D246E9C0B00CD5136 /* Release */,
			);
			defaultConfigurationIsVisible = 0;
			defaultConfigurationName = Release;
		};
		B4CF736E246E9C0B00CD5136 /* Build configuration list for PBXNativeTarget "techmonTests" */ = {
			isa = XCConfigurationList;
			buildConfigurations = (
				B4CF736F246E9C0B00CD5136 /* Debug */,
				B4CF7370246E9C0B00CD5136 /* Release */,
			);
			defaultConfigurationIsVisible = 0;
			defaultConfigurationName = Release;
		};
		B4CF7371246E9C0B00CD5136 /* Build configuration list for PBXNativeTarget "techmonUITests" */ = {
			isa = XCConfigurationList;
			buildConfigurations = (
				B4CF7372246E9C0B00CD5136 /* Debug */,
				B4CF7373246E9C0B00CD5136 /* Release */,
			);
			defaultConfigurationIsVisible = 0;
			defaultConfigurationName = Release;
		};
/* End XCConfigurationList section */
	};
	rootObject = B4CF7339246E9C0A00CD5136 /* Project object */;
}
